[root]
name = "theca"
version = "0.0.1"
dependencies = [
 "docopt 0.6.19 (git+git://github.com/docopt/docopt.rs)",
 "rustc-serialize 0.1.5 (registry+https://github.com/rust-lang/crates.io-index)",
 "time 0.1.4 (registry+https://github.com/rust-lang/crates.io-index)",
]

[[package]]
name = "docopt"
version = "0.6.19"
source = "git+git://github.com/docopt/docopt.rs#f91585f39b8fbebe233cdcfdcef9f7c26018d78a"
dependencies = [
 "regex 0.1.4 (registry+https://github.com/rust-lang/crates.io-index)",
 "rustc-serialize 0.1.5 (registry+https://github.com/rust-lang/crates.io-index)",
]

[[package]]
name = "gcc"
version = "0.1.2"
source = "registry+https://github.com/rust-lang/crates.io-index"

[[package]]
name = "log"
version = "0.1.4"
source = "registry+https://github.com/rust-lang/crates.io-index"
dependencies = [
 "regex 0.1.4 (registry+https://github.com/rust-lang/crates.io-index)",
]

[[package]]
name = "regex"
version = "0.1.4"
source = "registry+https://github.com/rust-lang/crates.io-index"

[[package]]
name = "rustc-serialize"
version = "0.1.5"
source = "registry+https://github.com/rust-lang/crates.io-index"

[[package]]
name = "time"
version = "0.1.4"
source = "registry+https://github.com/rust-lang/crates.io-index"
dependencies = [
 "gcc 0.1.2 (registry+https://github.com/rust-lang/crates.io-index)",
 "log 0.1.4 (registry+https://github.com/rust-lang/crates.io-index)",
 "rustc-serialize 0.1.5 (registry+https://github.com/rust-lang/crates.io-index)",
]

